
Microsoft Visual Studio Solution File, Format Version 12.00
# Visual Studio Version 17
VisualStudioVersion = 17.13.36105.23 d17.13
MinimumVisualStudioVersion = 10.0.40219.1
Project("{FAE04EC0-301F-11D3-BF4B-00C04F79EFBC}") = "DailyComplimentApp", "DailyComplimentApp\DailyComplimentApp.csproj", "{36B4F516-2059-4D96-9B1C-58EF84434680}"
EndProject
Global
	GlobalSection(SolutionConfigurationPlatforms) = preSolution
		Debug|Any CPU = Debug|Any CPU
		Release|Any CPU = Release|Any CPU
	EndGlobalSection
	GlobalSection(ProjectConfigurationPlatforms) = postSolution
		{36B4F516-2059-4D96-9B1C-58EF84434680}.Debug|Any CPU.ActiveCfg = Debug|Any CPU
		{36B4F516-2059-4D96-9B1C-58EF84434680}.Debug|Any CPU.Build.0 = Debug|Any CPU
		{36B4F516-2059-4D96-9B1C-58EF84434680}.Release|Any CPU.ActiveCfg = Release|Any CPU
		{36B4F516-2059-4D96-9B1C-58EF84434680}.Release|Any CPU.Build.0 = Release|Any CPU
	EndGlobalSection
	GlobalSection(SolutionProperties) = preSolution
		HideSolutionNode = FALSE
	EndGlobalSection
	GlobalSection(ExtensibilityGlobals) = postSolution
		SolutionGuid = {1D326D7A-5744-4634-9742-3C57E2DE7C7F}
	EndGlobalSection
EndGlobal
